// !$*UTF8*$!
{
	archiveVersion = 1;
	classes = {
	};
	objectVersion = 46;
	objects = {

/* Begin PBXBuildFile section */
		38BDE8851A92D4E5004218E9 /* LogginViewController.m in Sources */ = {isa = PBXBuildFile; fileRef = 38BDE8841A92D4E5004218E9 /* LogginViewController.m */; };
		38BDE8A01A98298D004218E9 /* OnTheRoadViewController.m in Sources */ = {isa = PBXBuildFile; fileRef = 38BDE89F1A98298D004218E9 /* OnTheRoadViewController.m */; };
		38BDE8A21A9BDCDD004218E9 /* CoreLocation.framework in Frameworks */ = {isa = PBXBuildFile; fileRef = 38BDE8A11A9BDCDD004218E9 /* CoreLocation.framework */; };
		38BDE92F1A9EFDC1004218E9 /* libRNCryptor.a in Frameworks */ = {isa = PBXBuildFile; fileRef = 38BDE9261A9EFD5D004218E9 /* libRNCryptor.a */; };
		38BDE93B1A9EFEEC004218E9 /* libALLib.a in Frameworks */ = {isa = PBXBuildFile; fileRef = 38BDE9361A9EFECB004218E9 /* libALLib.a */; };
		38C5D0D01A6727780035F4BE /* FileManager.m in Sources */ = {isa = PBXBuildFile; fileRef = 38C5D0CF1A6727780035F4BE /* FileManager.m */; };
		38C6610E1A60D664006AADCB /* MainMenuViewController.m in Sources */ = {isa = PBXBuildFile; fileRef = 38C6610D1A60D664006AADCB /* MainMenuViewController.m */; };
		38C981C11A6827F30096B8F8 /* Constants.m in Sources */ = {isa = PBXBuildFile; fileRef = 38C981C01A6827F30096B8F8 /* Constants.m */; };
		38CA05401A5BD31000320773 /* main.m in Sources */ = {isa = PBXBuildFile; fileRef = 38CA053F1A5BD31000320773 /* main.m */; };
		38CA05431A5BD31000320773 /* AppDelegate.m in Sources */ = {isa = PBXBuildFile; fileRef = 38CA05421A5BD31000320773 /* AppDelegate.m */; };
		38CA05491A5BD31000320773 /* Main.storyboard in Resources */ = {isa = PBXBuildFile; fileRef = 38CA05471A5BD31000320773 /* Main.storyboard */; };
		38CA054B1A5BD31000320773 /* Images.xcassets in Resources */ = {isa = PBXBuildFile; fileRef = 38CA054A1A5BD31000320773 /* Images.xcassets */; };
		38CA054E1A5BD31000320773 /* LaunchScreen.xib in Resources */ = {isa = PBXBuildFile; fileRef = 38CA054C1A5BD31000320773 /* LaunchScreen.xib */; };
		38CA055A1A5BD31100320773 /* ImpactAlertTests.m in Sources */ = {isa = PBXBuildFile; fileRef = 38CA05591A5BD31100320773 /* ImpactAlertTests.m */; };
		38CA05641A5BD54A00320773 /* background.jpeg in Resources */ = {isa = PBXBuildFile; fileRef = 38CA05631A5BD54A00320773 /* background.jpeg */; };
/* End PBXBuildFile section */

/* Begin PBXContainerItemProxy section */
		38BDE9251A9EFD5D004218E9 /* PBXContainerItemProxy */ = {
			isa = PBXContainerItemProxy;
			containerPortal = 38BDE91E1A9EFD5C004218E9 /* RNCryptor.xcodeproj */;
			proxyType = 2;
			remoteGlobalIDString = FB7564F01512D3C4007B806B;
			remoteInfo = RNCryptor;
		};
		38BDE9271A9EFD5D004218E9 /* PBXContainerItemProxy */ = {
			isa = PBXContainerItemProxy;
			containerPortal = 38BDE91E1A9EFD5C004218E9 /* RNCryptor.xcodeproj */;
			proxyType = 2;
			remoteGlobalIDString = AB13427A15E0FC2300456914;
			remoteInfo = "RNCryptor OS X";
		};
		38BDE9291A9EFD5D004218E9 /* PBXContainerItemProxy */ = {
			isa = PBXContainerItemProxy;
			containerPortal = 38BDE91E1A9EFD5C004218E9 /* RNCryptor.xcodeproj */;
			proxyType = 2;
			remoteGlobalIDString = FB7565001512D3C4007B806B;
			remoteInfo = RNCryptorTests;
		};
		38BDE92B1A9EFD5D004218E9 /* PBXContainerItemProxy */ = {
			isa = PBXContainerItemProxy;
			containerPortal = 38BDE91E1A9EFD5C004218E9 /* RNCryptor.xcodeproj */;
			proxyType = 2;
			remoteGlobalIDString = FB6AC68C16F6704100CA0C0A;
			remoteInfo = rncrypt;
		};
		38BDE92D1A9EFDA3004218E9 /* PBXContainerItemProxy */ = {
			isa = PBXContainerItemProxy;
			containerPortal = 38BDE91E1A9EFD5C004218E9 /* RNCryptor.xcodeproj */;
			proxyType = 1;
			remoteGlobalIDString = FB7564EF1512D3C4007B806B;
			remoteInfo = RNCryptor;
		};
		38BDE9351A9EFECB004218E9 /* PBXContainerItemProxy */ = {
			isa = PBXContainerItemProxy;
			containerPortal = 38BDE9301A9EFECB004218E9 /* ALLib.xcodeproj */;
			proxyType = 2;
			remoteGlobalIDString = 7203334C1713359E00869B72;
			remoteInfo = ALLib;
		};
		38BDE9371A9EFECB004218E9 /* PBXContainerItemProxy */ = {
			isa = PBXContainerItemProxy;
			containerPortal = 38BDE9301A9EFECB004218E9 /* ALLib.xcodeproj */;
			proxyType = 2;
			remoteGlobalIDString = 7203335D1713359E00869B72;
			remoteInfo = ALLibTests;
		};
		38BDE9391A9EFEE1004218E9 /* PBXContainerItemProxy */ = {
			isa = PBXContainerItemProxy;
			containerPortal = 38BDE9301A9EFECB004218E9 /* ALLib.xcodeproj */;
			proxyType = 1;
			remoteGlobalIDString = 7203334B1713359E00869B72;
			remoteInfo = ALLib;
		};
		38CA05541A5BD31100320773 /* PBXContainerItemProxy */ = {
			isa = PBXContainerItemProxy;
			containerPortal = 38CA05321A5BD31000320773 /* Project object */;
			proxyType = 1;
			remoteGlobalIDString = 38CA05391A5BD31000320773;
			remoteInfo = ImpactAlert;
		};
/* End PBXContainerItemProxy section */

/* Begin PBXFileReference section */
		384D86481A85ED0500FC39EB /* AddressBookUI.framework */ = {isa = PBXFileReference; lastKnownFileType = wrapper.framework; name = AddressBookUI.framework; path = System/Library/Frameworks/AddressBookUI.framework; sourceTree = SDKROOT; };
		384D864A1A85ED0C00FC39EB /* AddressBook.framework */ = {isa = PBXFileReference; lastKnownFileType = wrapper.framework; name = AddressBook.framework; path = System/Library/Frameworks/AddressBook.framework; sourceTree = SDKROOT; };
		38BDE8831A92D4E5004218E9 /* LogginViewController.h */ = {isa = PBXFileReference; fileEncoding = 4; lastKnownFileType = sourcecode.c.h; path = LogginViewController.h; sourceTree = "<group>"; };
		38BDE8841A92D4E5004218E9 /* LogginViewController.m */ = {isa = PBXFileReference; fileEncoding = 4; lastKnownFileType = sourcecode.c.objc; path = LogginViewController.m; sourceTree = "<group>"; };
		38BDE89E1A98298D004218E9 /* OnTheRoadViewController.h */ = {isa = PBXFileReference; fileEncoding = 4; lastKnownFileType = sourcecode.c.h; path = OnTheRoadViewController.h; sourceTree = "<group>"; };
		38BDE89F1A98298D004218E9 /* OnTheRoadViewController.m */ = {isa = PBXFileReference; fileEncoding = 4; lastKnownFileType = sourcecode.c.objc; path = OnTheRoadViewController.m; sourceTree = "<group>"; };
		38BDE8A11A9BDCDD004218E9 /* CoreLocation.framework */ = {isa = PBXFileReference; lastKnownFileType = wrapper.framework; name = CoreLocation.framework; path = System/Library/Frameworks/CoreLocation.framework; sourceTree = SDKROOT; };
		38BDE91E1A9EFD5C004218E9 /* RNCryptor.xcodeproj */ = {isa = PBXFileReference; lastKnownFileType = "wrapper.pb-project"; name = RNCryptor.xcodeproj; path = RNCryptor/RNCryptor/RNCryptor.xcodeproj; sourceTree = "<group>"; };
		38BDE9301A9EFECB004218E9 /* ALLib.xcodeproj */ = {isa = PBXFileReference; lastKnownFileType = "wrapper.pb-project"; name = ALLib.xcodeproj; path = ALLib/ALLib/ALLib.xcodeproj; sourceTree = "<group>"; };
		38C5D0CB1A671E580035F4BE /* en */ = {isa = PBXFileReference; lastKnownFileType = text.plist.strings; name = en; path = en.lproj/Main.strings; sourceTree = "<group>"; };
		38C5D0CC1A671E9D0035F4BE /* es-MX */ = {isa = PBXFileReference; lastKnownFileType = text.plist.strings; name = "es-MX"; path = "es-MX.lproj/Main.strings"; sourceTree = "<group>"; };
		38C5D0CE1A6727780035F4BE /* FileManager.h */ = {isa = PBXFileReference; fileEncoding = 4; lastKnownFileType = sourcecode.c.h; path = FileManager.h; sourceTree = "<group>"; };
		38C5D0CF1A6727780035F4BE /* FileManager.m */ = {isa = PBXFileReference; fileEncoding = 4; lastKnownFileType = sourcecode.c.objc; path = FileManager.m; sourceTree = "<group>"; };
		38C661081A608CF1006AADCB /* Base */ = {isa = PBXFileReference; lastKnownFileType = file.storyboard; name = Base; path = Base.lproj/Main.storyboard; sourceTree = "<group>"; };
		38C661091A608CF1006AADCB /* Base */ = {isa = PBXFileReference; lastKnownFileType = file.xib; name = Base; path = Base.lproj/LaunchScreen.xib; sourceTree = "<group>"; };
		38C6610B1A608D83006AADCB /* es-MX */ = {isa = PBXFileReference; lastKnownFileType = text.plist.strings; name = "es-MX"; path = "es-MX.lproj/LaunchScreen.strings"; sourceTree = "<group>"; };
		38C6610C1A60D664006AADCB /* MainMenuViewController.h */ = {isa = PBXFileReference; fileEncoding = 4; lastKnownFileType = sourcecode.c.h; path = MainMenuViewController.h; sourceTree = "<group>"; };
		38C6610D1A60D664006AADCB /* MainMenuViewController.m */ = {isa = PBXFileReference; fileEncoding = 4; lastKnownFileType = sourcecode.c.objc; path = MainMenuViewController.m; sourceTree = "<group>"; };
		38C981BF1A6827F30096B8F8 /* Constants.h */ = {isa = PBXFileReference; fileEncoding = 4; lastKnownFileType = sourcecode.c.h; path = Constants.h; sourceTree = "<group>"; };
		38C981C01A6827F30096B8F8 /* Constants.m */ = {isa = PBXFileReference; fileEncoding = 4; lastKnownFileType = sourcecode.c.objc; path = Constants.m; sourceTree = "<group>"; };
		38CA053A1A5BD31000320773 /* ImpactAlert.app */ = {isa = PBXFileReference; explicitFileType = wrapper.application; includeInIndex = 0; path = ImpactAlert.app; sourceTree = BUILT_PRODUCTS_DIR; };
		38CA053E1A5BD31000320773 /* Info.plist */ = {isa = PBXFileReference; lastKnownFileType = text.plist.xml; path = Info.plist; sourceTree = "<group>"; };
		38CA053F1A5BD31000320773 /* main.m */ = {isa = PBXFileReference; lastKnownFileType = sourcecode.c.objc; path = main.m; sourceTree = "<group>"; };
		38CA05411A5BD31000320773 /* AppDelegate.h */ = {isa = PBXFileReference; lastKnownFileType = sourcecode.c.h; path = AppDelegate.h; sourceTree = "<group>"; };
		38CA05421A5BD31000320773 /* AppDelegate.m */ = {isa = PBXFileReference; lastKnownFileType = sourcecode.c.objc; path = AppDelegate.m; sourceTree = "<group>"; };
		38CA054A1A5BD31000320773 /* Images.xcassets */ = {isa = PBXFileReference; lastKnownFileType = folder.assetcatalog; path = Images.xcassets; sourceTree = "<group>"; };
		38CA05531A5BD31100320773 /* ImpactAlertTests.xctest */ = {isa = PBXFileReference; explicitFileType = wrapper.cfbundle; includeInIndex = 0; path = ImpactAlertTests.xctest; sourceTree = BUILT_PRODUCTS_DIR; };
		38CA05581A5BD31100320773 /* Info.plist */ = {isa = PBXFileReference; lastKnownFileType = text.plist.xml; path = Info.plist; sourceTree = "<group>"; };
		38CA05591A5BD31100320773 /* ImpactAlertTests.m */ = {isa = PBXFileReference; lastKnownFileType = sourcecode.c.objc; path = ImpactAlertTests.m; sourceTree = "<group>"; };
		38CA05631A5BD54A00320773 /* background.jpeg */ = {isa = PBXFileReference; lastKnownFileType = image.jpeg; name = background.jpeg; path = ../../../Desktop/background.jpeg; sourceTree = "<group>"; };
/* End PBXFileReference section */

/* Begin PBXFrameworksBuildPhase section */
		38CA05371A5BD31000320773 /* Frameworks */ = {
			isa = PBXFrameworksBuildPhase;
			buildActionMask = 2147483647;
			files = (
				38BDE93B1A9EFEEC004218E9 /* libALLib.a in Frameworks */,
				38BDE92F1A9EFDC1004218E9 /* libRNCryptor.a in Frameworks */,
				38BDE8A21A9BDCDD004218E9 /* CoreLocation.framework in Frameworks */,
			);
			runOnlyForDeploymentPostprocessing = 0;
		};
		38CA05501A5BD31100320773 /* Frameworks */ = {
			isa = PBXFrameworksBuildPhase;
			buildActionMask = 2147483647;
			files = (
			);
			runOnlyForDeploymentPostprocessing = 0;
		};
/* End PBXFrameworksBuildPhase section */

/* Begin PBXGroup section */
		38BDE88C1A966536004218E9 /* Crypto */ = {
			isa = PBXGroup;
			children = (
				38BDE91E1A9EFD5C004218E9 /* RNCryptor.xcodeproj */,
			);
			name = Crypto;
			sourceTree = "<group>";
		};
		38BDE8A31A9BE665004218E9 /* FuzzyLogic */ = {
			isa = PBXGroup;
			children = (
				38BDE9301A9EFECB004218E9 /* ALLib.xcodeproj */,
			);
			name = FuzzyLogic;
			sourceTree = "<group>";
		};
		38BDE91F1A9EFD5C004218E9 /* Products */ = {
			isa = PBXGroup;
			children = (
				38BDE9261A9EFD5D004218E9 /* libRNCryptor.a */,
				38BDE9281A9EFD5D004218E9 /* RNCryptor.framework */,
				38BDE92A1A9EFD5D004218E9 /* RNCryptorTests.xctest */,
				38BDE92C1A9EFD5D004218E9 /* rncrypt */,
			);
			name = Products;
			sourceTree = "<group>";
		};
		38BDE9311A9EFECB004218E9 /* Products */ = {
			isa = PBXGroup;
			children = (
				38BDE9361A9EFECB004218E9 /* libALLib.a */,
				38BDE9381A9EFECB004218E9 /* ALLibTests.octest */,
			);
			name = Products;
			sourceTree = "<group>";
		};
		38C5D0CD1A6721870035F4BE /* Utils */ = {
			isa = PBXGroup;
			children = (
				38BDE8A31A9BE665004218E9 /* FuzzyLogic */,
				38BDE88C1A966536004218E9 /* Crypto */,
				38C5D0CE1A6727780035F4BE /* FileManager.h */,
				38C5D0CF1A6727780035F4BE /* FileManager.m */,
				38C981BF1A6827F30096B8F8 /* Constants.h */,
				38C981C01A6827F30096B8F8 /* Constants.m */,
			);
			name = Utils;
			sourceTree = "<group>";
		};
		38C6610F1A60D678006AADCB /* CustomClasses */ = {
			isa = PBXGroup;
			children = (
				38C5D0CD1A6721870035F4BE /* Utils */,
				38C661421A60DAF8006AADCB /* Views */,
			);
			name = CustomClasses;
			sourceTree = "<group>";
		};
		38C661421A60DAF8006AADCB /* Views */ = {
			isa = PBXGroup;
			children = (
				38C6610C1A60D664006AADCB /* MainMenuViewController.h */,
				38C6610D1A60D664006AADCB /* MainMenuViewController.m */,
				38BDE8831A92D4E5004218E9 /* LogginViewController.h */,
				38BDE8841A92D4E5004218E9 /* LogginViewController.m */,
				38BDE89E1A98298D004218E9 /* OnTheRoadViewController.h */,
				38BDE89F1A98298D004218E9 /* OnTheRoadViewController.m */,
			);
			name = Views;
			sourceTree = "<group>";
		};
		38CA05311A5BD31000320773 = {
			isa = PBXGroup;
			children = (
				38BDE8A11A9BDCDD004218E9 /* CoreLocation.framework */,
				384D864A1A85ED0C00FC39EB /* AddressBook.framework */,
				384D86481A85ED0500FC39EB /* AddressBookUI.framework */,
				38C6610F1A60D678006AADCB /* CustomClasses */,
				38CA05651A5BD56000320773 /* Images */,
				38CA053C1A5BD31000320773 /* ImpactAlert */,
				38CA05561A5BD31100320773 /* ImpactAlertTests */,
				38CA053B1A5BD31000320773 /* Products */,
			);
			sourceTree = "<group>";
		};
		38CA053B1A5BD31000320773 /* Products */ = {
			isa = PBXGroup;
			children = (
				38CA053A1A5BD31000320773 /* ImpactAlert.app */,
				38CA05531A5BD31100320773 /* ImpactAlertTests.xctest */,
			);
			name = Products;
			sourceTree = "<group>";
		};
		38CA053C1A5BD31000320773 /* ImpactAlert */ = {
			isa = PBXGroup;
			children = (
				38CA05411A5BD31000320773 /* AppDelegate.h */,
				38CA05421A5BD31000320773 /* AppDelegate.m */,
				38CA05471A5BD31000320773 /* Main.storyboard */,
				38CA054A1A5BD31000320773 /* Images.xcassets */,
				38CA054C1A5BD31000320773 /* LaunchScreen.xib */,
				38CA053D1A5BD31000320773 /* Supporting Files */,
			);
			path = ImpactAlert;
			sourceTree = "<group>";
		};
		38CA053D1A5BD31000320773 /* Supporting Files */ = {
			isa = PBXGroup;
			children = (
				38CA053E1A5BD31000320773 /* Info.plist */,
				38CA053F1A5BD31000320773 /* main.m */,
			);
			name = "Supporting Files";
			sourceTree = "<group>";
		};
		38CA05561A5BD31100320773 /* ImpactAlertTests */ = {
			isa = PBXGroup;
			children = (
				38CA05591A5BD31100320773 /* ImpactAlertTests.m */,
				38CA05571A5BD31100320773 /* Supporting Files */,
			);
			path = ImpactAlertTests;
			sourceTree = "<group>";
		};
		38CA05571A5BD31100320773 /* Supporting Files */ = {
			isa = PBXGroup;
			children = (
				38CA05581A5BD31100320773 /* Info.plist */,
			);
			name = "Supporting Files";
			sourceTree = "<group>";
		};
		38CA05651A5BD56000320773 /* Images */ = {
			isa = PBXGroup;
			children = (
				38CA05631A5BD54A00320773 /* background.jpeg */,
			);
			name = Images;
			sourceTree = "<group>";
		};
/* End PBXGroup section */

/* Begin PBXNativeTarget section */
		38CA05391A5BD31000320773 /* ImpactAlert */ = {
			isa = PBXNativeTarget;
			buildConfigurationList = 38CA055D1A5BD31100320773 /* Build configuration list for PBXNativeTarget "ImpactAlert" */;
			buildPhases = (
				38CA05361A5BD31000320773 /* Sources */,
				38CA05371A5BD31000320773 /* Frameworks */,
				38CA05381A5BD31000320773 /* Resources */,
			);
			buildRules = (
			);
			dependencies = (
				38BDE93A1A9EFEE1004218E9 /* PBXTargetDependency */,
				38BDE92E1A9EFDA3004218E9 /* PBXTargetDependency */,
			);
			name = ImpactAlert;
			productName = ImpactAlert;
			productReference = 38CA053A1A5BD31000320773 /* ImpactAlert.app */;
			productType = "com.apple.product-type.application";
		};
		38CA05521A5BD31100320773 /* ImpactAlertTests */ = {
			isa = PBXNativeTarget;
			buildConfigurationList = 38CA05601A5BD31100320773 /* Build configuration list for PBXNativeTarget "ImpactAlertTests" */;
			buildPhases = (
				38CA054F1A5BD31100320773 /* Sources */,
				38CA05501A5BD31100320773 /* Frameworks */,
				38CA05511A5BD31100320773 /* Resources */,
			);
			buildRules = (
			);
			dependencies = (
				38CA05551A5BD31100320773 /* PBXTargetDependency */,
			);
			name = ImpactAlertTests;
			productName = ImpactAlertTests;
			productReference = 38CA05531A5BD31100320773 /* ImpactAlertTests.xctest */;
			productType = "com.apple.product-type.bundle.unit-test";
		};
/* End PBXNativeTarget section */

/* Begin PBXProject section */
		38CA05321A5BD31000320773 /* Project object */ = {
			isa = PBXProject;
			attributes = {
				LastUpgradeCheck = 0610;
				ORGANIZATIONNAME = ImpacAlert;
				TargetAttributes = {
					38CA05391A5BD31000320773 = {
						CreatedOnToolsVersion = 6.1.1;
					};
					38CA05521A5BD31100320773 = {
						CreatedOnToolsVersion = 6.1.1;
						TestTargetID = 38CA05391A5BD31000320773;
					};
				};
			};
			buildConfigurationList = 38CA05351A5BD31000320773 /* Build configuration list for PBXProject "ImpactAlert" */;
			compatibilityVersion = "Xcode 3.2";
			developmentRegion = English;
			hasScannedForEncodings = 0;
			knownRegions = (
				en,
				Base,
			);
			mainGroup = 38CA05311A5BD31000320773;
			productRefGroup = 38CA053B1A5BD31000320773 /* Products */;
			projectDirPath = "";
			projectReferences = (
				{
					ProductGroup = 38BDE9311A9EFECB004218E9 /* Products */;
					ProjectRef = 38BDE9301A9EFECB004218E9 /* ALLib.xcodeproj */;
				},
				{
					ProductGroup = 38BDE91F1A9EFD5C004218E9 /* Products */;
					ProjectRef = 38BDE91E1A9EFD5C004218E9 /* RNCryptor.xcodeproj */;
				},
			);
			projectRoot = "";
			targets = (
				38CA05391A5BD31000320773 /* ImpactAlert */,
				38CA05521A5BD31100320773 /* ImpactAlertTests */,
			);
		};
/* End PBXProject section */

/* Begin PBXReferenceProxy section */
		38BDE9261A9EFD5D004218E9 /* libRNCryptor.a */ = {
			isa = PBXReferenceProxy;
			fileType = archive.ar;
			path = libRNCryptor.a;
			remoteRef = 38BDE9251A9EFD5D004218E9 /* PBXContainerItemProxy */;
			sourceTree = BUILT_PRODUCTS_DIR;
		};
		38BDE9281A9EFD5D004218E9 /* RNCryptor.framework */ = {
			isa = PBXReferenceProxy;
			fileType = wrapper.framework;
			path = RNCryptor.framework;
			remoteRef = 38BDE9271A9EFD5D004218E9 /* PBXContainerItemProxy */;
			sourceTree = BUILT_PRODUCTS_DIR;
		};
		38BDE92A1A9EFD5D004218E9 /* RNCryptorTests.xctest */ = {
			isa = PBXReferenceProxy;
			fileType = wrapper.cfbundle;
			path = RNCryptorTests.xctest;
			remoteRef = 38BDE9291A9EFD5D004218E9 /* PBXContainerItemProxy */;
			sourceTree = BUILT_PRODUCTS_DIR;
		};
		38BDE92C1A9EFD5D004218E9 /* rncrypt */ = {
			isa = PBXReferenceProxy;
			fileType = "compiled.mach-o.executable";
			path = rncrypt;
			remoteRef = 38BDE92B1A9EFD5D004218E9 /* PBXContainerItemProxy */;
			sourceTree = BUILT_PRODUCTS_DIR;
		};
		38BDE9361A9EFECB004218E9 /* libALLib.a */ = {
			isa = PBXReferenceProxy;
			fileType = archive.ar;
			path = libALLib.a;
			remoteRef = 38BDE9351A9EFECB004218E9 /* PBXContainerItemProxy */;
			sourceTree = BUILT_PRODUCTS_DIR;
		};
		38BDE9381A9EFECB004218E9 /* ALLibTests.octest */ = {
			isa = PBXReferenceProxy;
			fileType = wrapper.cfbundle;
			path = ALLibTests.octest;
			remoteRef = 38BDE9371A9EFECB004218E9 /* PBXContainerItemProxy */;
			sourceTree = BUILT_PRODUCTS_DIR;
		};
/* End PBXReferenceProxy section */

/* Begin PBXResourcesBuildPhase section */
		38CA05381A5BD31000320773 /* Resources */ = {
			isa = PBXResourcesBuildPhase;
			buildActionMask = 2147483647;
			files = (
				38CA05491A5BD31000320773 /* Main.storyboard in Resources */,
				38CA054E1A5BD31000320773 /* LaunchScreen.xib in Resources */,
				38CA054B1A5BD31000320773 /* Images.xcassets in Resources */,
				38CA05641A5BD54A00320773 /* background.jpeg in Resources */,
			);
			runOnlyForDeploymentPostprocessing = 0;
		};
		38CA05511A5BD31100320773 /* Resources */ = {
			isa = PBXResourcesBuildPhase;
			buildActionMask = 2147483647;
			files = (
			);
			runOnlyForDeploymentPostprocessing = 0;
		};
/* End PBXResourcesBuildPhase section */

/* Begin PBXSourcesBuildPhase section */
		38CA05361A5BD31000320773 /* Sources */ = {
			isa = PBXSourcesBuildPhase;
			buildActionMask = 2147483647;
			files = (
				38C981C11A6827F30096B8F8 /* Constants.m in Sources */,
				38CA05431A5BD31000320773 /* AppDelegate.m in Sources */,
				38C6610E1A60D664006AADCB /* MainMenuViewController.m in Sources */,
				38BDE8A01A98298D004218E9 /* OnTheRoadViewController.m in Sources */,
				38CA05401A5BD31000320773 /* main.m in Sources */,
				38BDE8851A92D4E5004218E9 /* LogginViewController.m in Sources */,
				38C5D0D01A6727780035F4BE /* FileManager.m in Sources */,
			);
			runOnlyForDeploymentPostprocessing = 0;
		};
		38CA054F1A5BD31100320773 /* Sources */ = {
			isa = PBXSourcesBuildPhase;
			buildActionMask = 2147483647;
			files = (
				38CA055A1A5BD31100320773 /* ImpactAlertTests.m in Sources */,
			);
			runOnlyForDeploymentPostprocessing = 0;
		};
/* End PBXSourcesBuildPhase section */

/* Begin PBXTargetDependency section */
		38BDE92E1A9EFDA3004218E9 /* PBXTargetDependency */ = {
			isa = PBXTargetDependency;
			name = RNCryptor;
			targetProxy = 38BDE92D1A9EFDA3004218E9 /* PBXContainerItemProxy */;
		};
		38BDE93A1A9EFEE1004218E9 /* PBXTargetDependency */ = {
			isa = PBXTargetDependency;
			name = ALLib;
			targetProxy = 38BDE9391A9EFEE1004218E9 /* PBXContainerItemProxy */;
		};
		38CA05551A5BD31100320773 /* PBXTargetDependency */ = {
			isa = PBXTargetDependency;
			target = 38CA05391A5BD31000320773 /* ImpactAlert */;
			targetProxy = 38CA05541A5BD31100320773 /* PBXContainerItemProxy */;
		};
/* End PBXTargetDependency section */

/* Begin PBXVariantGroup section */
		38CA05471A5BD31000320773 /* Main.storyboard */ = {
			isa = PBXVariantGroup;
			children = (
				38C661081A608CF1006AADCB /* Base */,
				38C5D0CB1A671E580035F4BE /* en */,
				38C5D0CC1A671E9D0035F4BE /* es-MX */,
			);
			name = Main.storyboard;
			sourceTree = "<group>";
		};
		38CA054C1A5BD31000320773 /* LaunchScreen.xib */ = {
			isa = PBXVariantGroup;
			children = (
				38C661091A608CF1006AADCB /* Base */,
				38C6610B1A608D83006AADCB /* es-MX */,
			);
			name = LaunchScreen.xib;
			sourceTree = "<group>";
		};
/* End PBXVariantGroup section */

/* Begin XCBuildConfiguration section */
		38CA055B1A5BD31100320773 /* Debug */ = {
			isa = XCBuildConfiguration;
			buildSettings = {
				ALWAYS_SEARCH_USER_PATHS = NO;
				CLANG_CXX_LANGUAGE_STANDARD = "gnu++0x";
				CLANG_CXX_LIBRARY = "libc++";
				CLANG_ENABLE_MODULES = YES;
				CLANG_ENABLE_OBJC_ARC = YES;
				CLANG_WARN_BOOL_CONVERSION = YES;
				CLANG_WARN_CONSTANT_CONVERSION = YES;
				CLANG_WARN_DIRECT_OBJC_ISA_USAGE = YES_ERROR;
				CLANG_WARN_EMPTY_BODY = YES;
				CLANG_WARN_ENUM_CONVERSION = YES;
				CLANG_WARN_INT_CONVERSION = YES;
				CLANG_WARN_OBJC_ROOT_CLASS = YES_ERROR;
				CLANG_WARN_UNREACHABLE_CODE = YES;
				CLANG_WARN__DUPLICATE_METHOD_MATCH = YES;
				"CODE_SIGN_IDENTITY[sdk=iphoneos*]" = "iPhone Developer";
				COPY_PHASE_STRIP = NO;
				ENABLE_STRICT_OBJC_MSGSEND = YES;
				GCC_C_LANGUAGE_STANDARD = gnu99;
				GCC_DYNAMIC_NO_PIC = NO;
				GCC_OPTIMIZATION_LEVEL = 0;
				GCC_PREPROCESSOR_DEFINITIONS = (
					"DEBUG=1",
					"$(inherited)",
				);
				GCC_SYMBOLS_PRIVATE_EXTERN = NO;
				GCC_WARN_64_TO_32_BIT_CONVERSION = YES;
				GCC_WARN_ABOUT_RETURN_TYPE = YES_ERROR;
				GCC_WARN_UNDECLARED_SELECTOR = YES;
				GCC_WARN_UNINITIALIZED_AUTOS = YES_AGGRESSIVE;
				GCC_WARN_UNUSED_FUNCTION = YES;
				GCC_WARN_UNUSED_VARIABLE = YES;
				IPHONEOS_DEPLOYMENT_TARGET = 8.1;
				MTL_ENABLE_DEBUG_INFO = YES;
				ONLY_ACTIVE_ARCH = YES;
				SDKROOT = iphoneos;
			};
			name = Debug;
		};
		38CA055C1A5BD31100320773 /* Release */ = {
			isa = XCBuildConfiguration;
			buildSettings = {
				ALWAYS_SEARCH_USER_PATHS = NO;
				CLANG_CXX_LANGUAGE_STANDARD = "gnu++0x";
				CLANG_CXX_LIBRARY = "libc++";
				CLANG_ENABLE_MODULES = YES;
				CLANG_ENABLE_OBJC_ARC = YES;
				CLANG_WARN_BOOL_CONVERSION = YES;
				CLANG_WARN_CONSTANT_CONVERSION = YES;
				CLANG_WARN_DIRECT_OBJC_ISA_USAGE = YES_ERROR;
				CLANG_WARN_EMPTY_BODY = YES;
				CLANG_WARN_ENUM_CONVERSION = YES;
				CLANG_WARN_INT_CONVERSION = YES;
				CLANG_WARN_OBJC_ROOT_CLASS = YES_ERROR;
				CLANG_WARN_UNREACHABLE_CODE = YES;
				CLANG_WARN__DUPLICATE_METHOD_MATCH = YES;
				"CODE_SIGN_IDENTITY[sdk=iphoneos*]" = "iPhone Developer";
				COPY_PHASE_STRIP = YES;
				ENABLE_NS_ASSERTIONS = NO;
				ENABLE_STRICT_OBJC_MSGSEND = YES;
				GCC_C_LANGUAGE_STANDARD = gnu99;
				GCC_WARN_64_TO_32_BIT_CONVERSION = YES;
				GCC_WARN_ABOUT_RETURN_TYPE = YES_ERROR;
				GCC_WARN_UNDECLARED_SELECTOR = YES;
				GCC_WARN_UNINITIALIZED_AUTOS = YES_AGGRESSIVE;
				GCC_WARN_UNUSED_FUNCTION = YES;
				GCC_WARN_UNUSED_VARIABLE = YES;
				IPHONEOS_DEPLOYMENT_TARGET = 8.1;
				MTL_ENABLE_DEBUG_INFO = NO;
				SDKROOT = iphoneos;
				VALIDATE_PRODUCT = YES;
			};
			name = Release;
		};
		38CA055E1A5BD31100320773 /* Debug */ = {
			isa = XCBuildConfiguration;
			buildSettings = {
				ASSETCATALOG_COMPILER_APPICON_NAME = AppIcon;
				INFOPLIST_FILE = ImpactAlert/Info.plist;
				LD_RUNPATH_SEARCH_PATHS = "$(inherited) @executable_path/Frameworks";
				PRODUCT_NAME = "$(TARGET_NAME)";
			};
			name = Debug;
		};
		38CA055F1A5BD31100320773 /* Release */ = {
			isa = XCBuildConfiguration;
			buildSettings = {
				ASSETCATALOG_COMPILER_APPICON_NAME = AppIcon;
				INFOPLIST_FILE = ImpactAlert/Info.plist;
				LD_RUNPATH_SEARCH_PATHS = "$(inherited) @executable_path/Frameworks";
				PRODUCT_NAME = "$(TARGET_NAME)";
			};
			name = Release;
		};
		38CA05611A5BD31100320773 /* Debug */ = {
			isa = XCBuildConfiguration;
			buildSettings = {
				BUNDLE_LOADER = "$(TEST_HOST)";
				FRAMEWORK_SEARCH_PATHS = (
					"$(SDKROOT)/Developer/Library/Frameworks",
					"$(inherited)",
				);
				GCC_PREPROCESSOR_DEFINITIONS = (
					"DEBUG=1",
					"$(inherited)",
				);
				INFOPLIST_FILE = ImpactAlertTests/Info.plist;
				LD_RUNPATH_SEARCH_PATHS = "$(inherited) @executable_path/Frameworks @loader_path/Frameworks";
				PRODUCT_NAME = "$(TARGET_NAME)";
				TEST_HOST = "$(BUILT_PRODUCTS_DIR)/ImpactAlert.app/ImpactAlert";
			};
			name = Debug;
		};
		38CA05621A5BD31100320773 /* Release */ = {
			isa = XCBuildConfiguration;
			buildSettings = {
				BUNDLE_LOADER = "$(TEST_HOST)";
				FRAMEWORK_SEARCH_PATHS = (
					"$(SDKROOT)/Developer/Library/Frameworks",
					"$(inherited)",
				);
				INFOPLIST_FILE = ImpactAlertTests/Info.plist;
				LD_RUNPATH_SEARCH_PATHS = "$(inherited) @executable_path/Frameworks @loader_path/Frameworks";
				PRODUCT_NAME = "$(TARGET_NAME)";
				TEST_HOST = "$(BUILT_PRODUCTS_DIR)/ImpactAlert.app/ImpactAlert";
			};
			name = Release;
		};
/* End XCBuildConfiguration section */

/* Begin XCConfigurationList section */
		38CA05351A5BD31000320773 /* Build configuration list for PBXProject "ImpactAlert" */ = {
			isa = XCConfigurationList;
			buildConfigurations = (
				38CA055B1A5BD31100320773 /* Debug */,
				38CA055C1A5BD31100320773 /* Release */,
			);
			defaultConfigurationIsVisible = 0;
			defaultConfigurationName = Release;
		};
		38CA055D1A5BD31100320773 /* Build configuration list for PBXNativeTarget "ImpactAlert" */ = {
			isa = XCConfigurationList;
			buildConfigurations = (
				38CA055E1A5BD31100320773 /* Debug */,
				38CA055F1A5BD31100320773 /* Release */,
			);
			defaultConfigurationIsVisible = 0;
			defaultConfigurationName = Release;
		};
		38CA05601A5BD31100320773 /* Build configuration list for PBXNativeTarget "ImpactAlertTests" */ = {
			isa = XCConfigurationList;
			buildConfigurations = (
				38CA05611A5BD31100320773 /* Debug */,
				38CA05621A5BD31100320773 /* Release */,
			);
			defaultConfigurationIsVisible = 0;
			defaultConfigurationName = Release;
		};
/* End XCConfigurationList section */
	};
	rootObject = 38CA05321A5BD31000320773 /* Project object */;
}
